
Microsoft Visual Studio Solution File, Format Version 12.00
Project("{FAE04EC0-301F-11D3-BF4B-00C04F79EFBC}") = "backend-tetris", "backend-tetris\backend-tetris.csproj", "{DFDF0441-49E0-4256-8C19-6CA784009C05}"
EndProject
Global
	GlobalSection(SolutionConfigurationPlatforms) = preSolution
		Debug|Any CPU = Debug|Any CPU
		Release|Any CPU = Release|Any CPU
	EndGlobalSection
	GlobalSection(ProjectConfigurationPlatforms) = postSolution
		{DFDF0441-49E0-4256-8C19-6CA784009C05}.Debug|Any CPU.ActiveCfg = Debug|Any CPU
		{DFDF0441-49E0-4256-8C19-6CA784009C05}.Debug|Any CPU.Build.0 = Debug|Any CPU
		{DFDF0441-49E0-4256-8C19-6CA784009C05}.Release|Any CPU.ActiveCfg = Release|Any CPU
		{DFDF0441-49E0-4256-8C19-6CA784009C05}.Release|Any CPU.Build.0 = Release|Any CPU
	EndGlobalSection
EndGlobal
